
Microsoft Visual Studio Solution File, Format Version 12.00
# Visual Studio Version 17
VisualStudioVersion = 17.14.36301.6 d17.14
MinimumVisualStudioVersion = 10.0.40219.1
Project("{FAE04EC0-301F-11D3-BF4B-00C04F79EFBC}") = "Daily-Use App", "Daily-Use App\Daily-Use App.csproj", "{45BE4849-4D62-48EB-A3BF-353F48441A37}"
EndProject
Global
	GlobalSection(SolutionConfigurationPlatforms) = preSolution
		Debug|Any CPU = Debug|Any CPU
		Release|Any CPU = Release|Any CPU
	EndGlobalSection
	GlobalSection(ProjectConfigurationPlatforms) = postSolution
		{45BE4849-4D62-48EB-A3BF-353F48441A37}.Debug|Any CPU.ActiveCfg = Debug|Any CPU
		{45BE4849-4D62-48EB-A3BF-353F48441A37}.Debug|Any CPU.Build.0 = Debug|Any CPU
		{45BE4849-4D62-48EB-A3BF-353F48441A37}.Release|Any CPU.ActiveCfg = Release|Any CPU
		{45BE4849-4D62-48EB-A3BF-353F48441A37}.Release|Any CPU.Build.0 = Release|Any CPU
	EndGlobalSection
	GlobalSection(SolutionProperties) = preSolution
		HideSolutionNode = FALSE
	EndGlobalSection
	GlobalSection(ExtensibilityGlobals) = postSolution
		SolutionGuid = {C2F42516-97D7-49F2-A551-C2A02EDE130E}
	EndGlobalSection
EndGlobal
